// !$*UTF8*$!
{
	archiveVersion = 1;
	classes = {
	};
	objectVersion = 56;
	objects = {

/* Begin PBXBuildFile section */
		C9D1EE1929BC7E49007A485C /* ScrumsView.swift in Sources */ = {isa = PBXBuildFile; fileRef = C9D1EE1829BC7E49007A485C /* ScrumsView.swift */; };
		C9D1EE1B29BC8397007A485C /* DetailView.swift in Sources */ = {isa = PBXBuildFile; fileRef = C9D1EE1A29BC8397007A485C /* DetailView.swift */; };
		C9D1EE1D29BC8FB9007A485C /* DetailEditView.swift in Sources */ = {isa = PBXBuildFile; fileRef = C9D1EE1C29BC8FB9007A485C /* DetailEditView.swift */; };
		C9D1EE1F29BC98C0007A485C /* ThemeView.swift in Sources */ = {isa = PBXBuildFile; fileRef = C9D1EE1E29BC98C0007A485C /* ThemeView.swift */; };
		C9D1EE2129BC9A4B007A485C /* ThemePicker.swift in Sources */ = {isa = PBXBuildFile; fileRef = C9D1EE2029BC9A4B007A485C /* ThemePicker.swift */; };
		C9D1EE2329BCF6B8007A485C /* MeetingHeaderView.swift in Sources */ = {isa = PBXBuildFile; fileRef = C9D1EE2229BCF6B8007A485C /* MeetingHeaderView.swift */; };
		C9D1EE2529BCFAA1007A485C /* ScrumProgressViewStyle.swift in Sources */ = {isa = PBXBuildFile; fileRef = C9D1EE2429BCFAA1007A485C /* ScrumProgressViewStyle.swift */; };
		C9D1EE2729BD064E007A485C /* ScrumTimer.swift in Sources */ = {isa = PBXBuildFile; fileRef = C9D1EE2629BD064E007A485C /* ScrumTimer.swift */; };
		C9D1EE2929BD0828007A485C /* MeetingFooterView.swift in Sources */ = {isa = PBXBuildFile; fileRef = C9D1EE2829BD0828007A485C /* MeetingFooterView.swift */; };
		C9D1EE2B29BD0C0A007A485C /* AVPlayer+Ding.swift in Sources */ = {isa = PBXBuildFile; fileRef = C9D1EE2A29BD0C0A007A485C /* AVPlayer+Ding.swift */; };
		C9D1EE2D29BD1542007A485C /* History.swift in Sources */ = {isa = PBXBuildFile; fileRef = C9D1EE2C29BD1542007A485C /* History.swift */; };
		C9E2240929BBC45500CC08DA /* ScrumdingerApp.swift in Sources */ = {isa = PBXBuildFile; fileRef = C9E2240829BBC45500CC08DA /* ScrumdingerApp.swift */; };
		C9E2240B29BBC45500CC08DA /* MeetingView.swift in Sources */ = {isa = PBXBuildFile; fileRef = C9E2240A29BBC45500CC08DA /* MeetingView.swift */; };
		C9E2240D29BBC45600CC08DA /* Assets.xcassets in Resources */ = {isa = PBXBuildFile; fileRef = C9E2240C29BBC45600CC08DA /* Assets.xcassets */; };
		C9E2241029BBC45600CC08DA /* Preview Assets.xcassets in Resources */ = {isa = PBXBuildFile; fileRef = C9E2240F29BBC45600CC08DA /* Preview Assets.xcassets */; };
		C9E2241A29BBC45600CC08DA /* ScrumdingerTests.swift in Sources */ = {isa = PBXBuildFile; fileRef = C9E2241929BBC45600CC08DA /* ScrumdingerTests.swift */; };
		C9E2242429BBC45600CC08DA /* ScrumdingerUITests.swift in Sources */ = {isa = PBXBuildFile; fileRef = C9E2242329BBC45600CC08DA /* ScrumdingerUITests.swift */; };
		C9E2242629BBC45600CC08DA /* ScrumdingerUITestsLaunchTests.swift in Sources */ = {isa = PBXBuildFile; fileRef = C9E2242529BBC45600CC08DA /* ScrumdingerUITestsLaunchTests.swift */; };
		C9E2243429BBD31500CC08DA /* Theme.swift in Sources */ = {isa = PBXBuildFile; fileRef = C9E2243329BBD31500CC08DA /* Theme.swift */; };
		C9E2243629BBD61000CC08DA /* DailyScrum.swift in Sources */ = {isa = PBXBuildFile; fileRef = C9E2243529BBD61000CC08DA /* DailyScrum.swift */; };
		C9E2243829BBD82C00CC08DA /* CardView.swift in Sources */ = {isa = PBXBuildFile; fileRef = C9E2243729BBD82C00CC08DA /* CardView.swift */; };
		C9E2243A29BBDAA700CC08DA /* TrailingIconLabelStyle.swift in Sources */ = {isa = PBXBuildFile; fileRef = C9E2243929BBDAA700CC08DA /* TrailingIconLabelStyle.swift */; };
/* End PBXBuildFile section */

/* Begin PBXContainerItemProxy section */
		C9E2241629BBC45600CC08DA /* PBXContainerItemProxy */ = {
			isa = PBXContainerItemProxy;
			containerPortal = C9E223FD29BBC45500CC08DA /* Project object */;
			proxyType = 1;
			remoteGlobalIDString = C9E2240429BBC45500CC08DA;
			remoteInfo = Scrumdinger;
		};
		C9E2242029BBC45600CC08DA /* PBXContainerItemProxy */ = {
			isa = PBXContainerItemProxy;
			containerPortal = C9E223FD29BBC45500CC08DA /* Project object */;
			proxyType = 1;
			remoteGlobalIDString = C9E2240429BBC45500CC08DA;
			remoteInfo = Scrumdinger;
		};
/* End PBXContainerItemProxy section */

/* Begin PBXFileReference section */
		C9D1EE1829BC7E49007A485C /* ScrumsView.swift */ = {isa = PBXFileReference; lastKnownFileType = sourcecode.swift; path = ScrumsView.swift; sourceTree = "<group>"; };
		C9D1EE1A29BC8397007A485C /* DetailView.swift */ = {isa = PBXFileReference; lastKnownFileType = sourcecode.swift; path = DetailView.swift; sourceTree = "<group>"; };
		C9D1EE1C29BC8FB9007A485C /* DetailEditView.swift */ = {isa = PBXFileReference; lastKnownFileType = sourcecode.swift; path = DetailEditView.swift; sourceTree = "<group>"; };
		C9D1EE1E29BC98C0007A485C /* ThemeView.swift */ = {isa = PBXFileReference; lastKnownFileType = sourcecode.swift; path = ThemeView.swift; sourceTree = "<group>"; };
		C9D1EE2029BC9A4B007A485C /* ThemePicker.swift */ = {isa = PBXFileReference; lastKnownFileType = sourcecode.swift; path = ThemePicker.swift; sourceTree = "<group>"; };
		C9D1EE2229BCF6B8007A485C /* MeetingHeaderView.swift */ = {isa = PBXFileReference; lastKnownFileType = sourcecode.swift; path = MeetingHeaderView.swift; sourceTree = "<group>"; };
		C9D1EE2429BCFAA1007A485C /* ScrumProgressViewStyle.swift */ = {isa = PBXFileReference; fileEncoding = 4; lastKnownFileType = sourcecode.swift; path = ScrumProgressViewStyle.swift; sourceTree = "<group>"; };
		C9D1EE2629BD064E007A485C /* ScrumTimer.swift */ = {isa = PBXFileReference; fileEncoding = 4; lastKnownFileType = sourcecode.swift; path = ScrumTimer.swift; sourceTree = "<group>"; };
		C9D1EE2829BD0828007A485C /* MeetingFooterView.swift */ = {isa = PBXFileReference; lastKnownFileType = sourcecode.swift; path = MeetingFooterView.swift; sourceTree = "<group>"; };
		C9D1EE2A29BD0C0A007A485C /* AVPlayer+Ding.swift */ = {isa = PBXFileReference; fileEncoding = 4; lastKnownFileType = sourcecode.swift; path = "AVPlayer+Ding.swift"; sourceTree = "<group>"; };
		C9D1EE2C29BD1542007A485C /* History.swift */ = {isa = PBXFileReference; lastKnownFileType = sourcecode.swift; path = History.swift; sourceTree = "<group>"; };
		C9E2240529BBC45500CC08DA /* Scrumdinger.app */ = {isa = PBXFileReference; explicitFileType = wrapper.application; includeInIndex = 0; path = Scrumdinger.app; sourceTree = BUILT_PRODUCTS_DIR; };
		C9E2240829BBC45500CC08DA /* ScrumdingerApp.swift */ = {isa = PBXFileReference; lastKnownFileType = sourcecode.swift; path = ScrumdingerApp.swift; sourceTree = "<group>"; };
		C9E2240A29BBC45500CC08DA /* MeetingView.swift */ = {isa = PBXFileReference; lastKnownFileType = sourcecode.swift; path = MeetingView.swift; sourceTree = "<group>"; };
		C9E2240C29BBC45600CC08DA /* Assets.xcassets */ = {isa = PBXFileReference; lastKnownFileType = folder.assetcatalog; path = Assets.xcassets; sourceTree = "<group>"; };
		C9E2240F29BBC45600CC08DA /* Preview Assets.xcassets */ = {isa = PBXFileReference; lastKnownFileType = folder.assetcatalog; path = "Preview Assets.xcassets"; sourceTree = "<group>"; };
		C9E2241529BBC45600CC08DA /* ScrumdingerTests.xctest */ = {isa = PBXFileReference; explicitFileType = wrapper.cfbundle; includeInIndex = 0; path = ScrumdingerTests.xctest; sourceTree = BUILT_PRODUCTS_DIR; };
		C9E2241929BBC45600CC08DA /* ScrumdingerTests.swift */ = {isa = PBXFileReference; lastKnownFileType = sourcecode.swift; path = ScrumdingerTests.swift; sourceTree = "<group>"; };
		C9E2241F29BBC45600CC08DA /* ScrumdingerUITests.xctest */ = {isa = PBXFileReference; explicitFileType = wrapper.cfbundle; includeInIndex = 0; path = ScrumdingerUITests.xctest; sourceTree = BUILT_PRODUCTS_DIR; };
		C9E2242329BBC45600CC08DA /* ScrumdingerUITests.swift */ = {isa = PBXFileReference; lastKnownFileType = sourcecode.swift; path = ScrumdingerUITests.swift; sourceTree = "<group>"; };
		C9E2242529BBC45600CC08DA /* ScrumdingerUITestsLaunchTests.swift */ = {isa = PBXFileReference; lastKnownFileType = sourcecode.swift; path = ScrumdingerUITestsLaunchTests.swift; sourceTree = "<group>"; };
		C9E2243329BBD31500CC08DA /* Theme.swift */ = {isa = PBXFileReference; lastKnownFileType = sourcecode.swift; path = Theme.swift; sourceTree = "<group>"; };
		C9E2243529BBD61000CC08DA /* DailyScrum.swift */ = {isa = PBXFileReference; lastKnownFileType = sourcecode.swift; path = DailyScrum.swift; sourceTree = "<group>"; };
		C9E2243729BBD82C00CC08DA /* CardView.swift */ = {isa = PBXFileReference; lastKnownFileType = sourcecode.swift; path = CardView.swift; sourceTree = "<group>"; };
		C9E2243929BBDAA700CC08DA /* TrailingIconLabelStyle.swift */ = {isa = PBXFileReference; lastKnownFileType = sourcecode.swift; path = TrailingIconLabelStyle.swift; sourceTree = "<group>"; };
/* End PBXFileReference section */

/* Begin PBXFrameworksBuildPhase section */
		C9E2240229BBC45500CC08DA /* Frameworks */ = {
			isa = PBXFrameworksBuildPhase;
			buildActionMask = 2147483647;
			files = (
			);
			runOnlyForDeploymentPostprocessing = 0;
		};
		C9E2241229BBC45600CC08DA /* Frameworks */ = {
			isa = PBXFrameworksBuildPhase;
			buildActionMask = 2147483647;
			files = (
			);
			runOnlyForDeploymentPostprocessing = 0;
		};
		C9E2241C29BBC45600CC08DA /* Frameworks */ = {
			isa = PBXFrameworksBuildPhase;
			buildActionMask = 2147483647;
			files = (
			);
			runOnlyForDeploymentPostprocessing = 0;
		};
/* End PBXFrameworksBuildPhase section */

/* Begin PBXGroup section */
		C9E223FC29BBC45500CC08DA = {
			isa = PBXGroup;
			children = (
				C9E2240729BBC45500CC08DA /* Scrumdinger */,
				C9E2241829BBC45600CC08DA /* ScrumdingerTests */,
				C9E2242229BBC45600CC08DA /* ScrumdingerUITests */,
				C9E2240629BBC45500CC08DA /* Products */,
			);
			sourceTree = "<group>";
		};
		C9E2240629BBC45500CC08DA /* Products */ = {
			isa = PBXGroup;
			children = (
				C9E2240529BBC45500CC08DA /* Scrumdinger.app */,
				C9E2241529BBC45600CC08DA /* ScrumdingerTests.xctest */,
				C9E2241F29BBC45600CC08DA /* ScrumdingerUITests.xctest */,
			);
			name = Products;
			sourceTree = "<group>";
		};
		C9E2240729BBC45500CC08DA /* Scrumdinger */ = {
			isa = PBXGroup;
			children = (
				C9E2243229BBD2F600CC08DA /* Models */,
				C9E2240829BBC45500CC08DA /* ScrumdingerApp.swift */,
				C9D1EE2429BCFAA1007A485C /* ScrumProgressViewStyle.swift */,
				C9E2240A29BBC45500CC08DA /* MeetingView.swift */,
				C9E2240C29BBC45600CC08DA /* Assets.xcassets */,
				C9E2240E29BBC45600CC08DA /* Preview Content */,
				C9E2243729BBD82C00CC08DA /* CardView.swift */,
				C9E2243929BBDAA700CC08DA /* TrailingIconLabelStyle.swift */,
				C9D1EE1829BC7E49007A485C /* ScrumsView.swift */,
				C9D1EE1A29BC8397007A485C /* DetailView.swift */,
				C9D1EE1C29BC8FB9007A485C /* DetailEditView.swift */,
				C9D1EE1E29BC98C0007A485C /* ThemeView.swift */,
				C9D1EE2029BC9A4B007A485C /* ThemePicker.swift */,
				C9D1EE2229BCF6B8007A485C /* MeetingHeaderView.swift */,
				C9D1EE2829BD0828007A485C /* MeetingFooterView.swift */,
			);
			path = Scrumdinger;
			sourceTree = "<group>";
		};
		C9E2240E29BBC45600CC08DA /* Preview Content */ = {
			isa = PBXGroup;
			children = (
				C9E2240F29BBC45600CC08DA /* Preview Assets.xcassets */,
			);
			path = "Preview Content";
			sourceTree = "<group>";
		};
		C9E2241829BBC45600CC08DA /* ScrumdingerTests */ = {
			isa = PBXGroup;
			children = (
				C9E2241929BBC45600CC08DA /* ScrumdingerTests.swift */,
			);
			path = ScrumdingerTests;
			sourceTree = "<group>";
		};
		C9E2242229BBC45600CC08DA /* ScrumdingerUITests */ = {
			isa = PBXGroup;
			children = (
				C9E2242329BBC45600CC08DA /* ScrumdingerUITests.swift */,
				C9E2242529BBC45600CC08DA /* ScrumdingerUITestsLaunchTests.swift */,
			);
			path = ScrumdingerUITests;
			sourceTree = "<group>";
		};
		C9E2243229BBD2F600CC08DA /* Models */ = {
			isa = PBXGroup;
			children = (
				C9D1EE2629BD064E007A485C /* ScrumTimer.swift */,
				C9D1EE2A29BD0C0A007A485C /* AVPlayer+Ding.swift */,
				C9E2243329BBD31500CC08DA /* Theme.swift */,
				C9E2243529BBD61000CC08DA /* DailyScrum.swift */,
				C9D1EE2C29BD1542007A485C /* History.swift */,
			);
			path = Models;
			sourceTree = "<group>";
		};
/* End PBXGroup section */

/* Begin PBXNativeTarget section */
		C9E2240429BBC45500CC08DA /* Scrumdinger */ = {
			isa = PBXNativeTarget;
			buildConfigurationList = C9E2242929BBC45600CC08DA /* Build configuration list for PBXNativeTarget "Scrumdinger" */;
			buildPhases = (
				C9E2240129BBC45500CC08DA /* Sources */,
				C9E2240229BBC45500CC08DA /* Frameworks */,
				C9E2240329BBC45500CC08DA /* Resources */,
			);
			buildRules = (
			);
			dependencies = (
			);
			name = Scrumdinger;
			productName = Scrumdinger;
			productReference = C9E2240529BBC45500CC08DA /* Scrumdinger.app */;
			productType = "com.apple.product-type.application";
		};
		C9E2241429BBC45600CC08DA /* ScrumdingerTests */ = {
			isa = PBXNativeTarget;
			buildConfigurationList = C9E2242C29BBC45600CC08DA /* Build configuration list for PBXNativeTarget "ScrumdingerTests" */;
			buildPhases = (
				C9E2241129BBC45600CC08DA /* Sources */,
				C9E2241229BBC45600CC08DA /* Frameworks */,
				C9E2241329BBC45600CC08DA /* Resources */,
			);
			buildRules = (
			);
			dependencies = (
				C9E2241729BBC45600CC08DA /* PBXTargetDependency */,
			);
			name = ScrumdingerTests;
			productName = ScrumdingerTests;
			productReference = C9E2241529BBC45600CC08DA /* ScrumdingerTests.xctest */;
			productType = "com.apple.product-type.bundle.unit-test";
		};
		C9E2241E29BBC45600CC08DA /* ScrumdingerUITests */ = {
			isa = PBXNativeTarget;
			buildConfigurationList = C9E2242F29BBC45600CC08DA /* Build configuration list for PBXNativeTarget "ScrumdingerUITests" */;
			buildPhases = (
				C9E2241B29BBC45600CC08DA /* Sources */,
				C9E2241C29BBC45600CC08DA /* Frameworks */,
				C9E2241D29BBC45600CC08DA /* Resources */,
			);
			buildRules = (
			);
			dependencies = (
				C9E2242129BBC45600CC08DA /* PBXTargetDependency */,
			);
			name = ScrumdingerUITests;
			productName = ScrumdingerUITests;
			productReference = C9E2241F29BBC45600CC08DA /* ScrumdingerUITests.xctest */;
			productType = "com.apple.product-type.bundle.ui-testing";
		};
/* End PBXNativeTarget section */

/* Begin PBXProject section */
		C9E223FD29BBC45500CC08DA /* Project object */ = {
			isa = PBXProject;
			attributes = {
				BuildIndependentTargetsInParallel = 1;
				LastSwiftUpdateCheck = 1420;
				LastUpgradeCheck = 1420;
				TargetAttributes = {
					C9E2240429BBC45500CC08DA = {
						CreatedOnToolsVersion = 14.2;
					};
					C9E2241429BBC45600CC08DA = {
						CreatedOnToolsVersion = 14.2;
						TestTargetID = C9E2240429BBC45500CC08DA;
					};
					C9E2241E29BBC45600CC08DA = {
						CreatedOnToolsVersion = 14.2;
						TestTargetID = C9E2240429BBC45500CC08DA;
					};
				};
			};
			buildConfigurationList = C9E2240029BBC45500CC08DA /* Build configuration list for PBXProject "Scrumdinger" */;
			compatibilityVersion = "Xcode 14.0";
			developmentRegion = en;
			hasScannedForEncodings = 0;
			knownRegions = (
				en,
				Base,
			);
			mainGroup = C9E223FC29BBC45500CC08DA;
			productRefGroup = C9E2240629BBC45500CC08DA /* Products */;
			projectDirPath = "";
			projectRoot = "";
			targets = (
				C9E2240429BBC45500CC08DA /* Scrumdinger */,
				C9E2241429BBC45600CC08DA /* ScrumdingerTests */,
				C9E2241E29BBC45600CC08DA /* ScrumdingerUITests */,
			);
		};
/* End PBXProject section */

/* Begin PBXResourcesBuildPhase section */
		C9E2240329BBC45500CC08DA /* Resources */ = {
			isa = PBXResourcesBuildPhase;
			buildActionMask = 2147483647;
			files = (
				C9E2241029BBC45600CC08DA /* Preview Assets.xcassets in Resources */,
				C9E2240D29BBC45600CC08DA /* Assets.xcassets in Resources */,
			);
			runOnlyForDeploymentPostprocessing = 0;
		};
		C9E2241329BBC45600CC08DA /* Resources */ = {
			isa = PBXResourcesBuildPhase;
			buildActionMask = 2147483647;
			files = (
			);
			runOnlyForDeploymentPostprocessing = 0;
		};
		C9E2241D29BBC45600CC08DA /* Resources */ = {
			isa = PBXResourcesBuildPhase;
			buildActionMask = 2147483647;
			files = (
			);
			runOnlyForDeploymentPostprocessing = 0;
		};
/* End PBXResourcesBuildPhase section */

/* Begin PBXSourcesBuildPhase section */
		C9E2240129BBC45500CC08DA /* Sources */ = {
			isa = PBXSourcesBuildPhase;
			buildActionMask = 2147483647;
			files = (
				C9D1EE2D29BD1542007A485C /* History.swift in Sources */,
				C9D1EE2129BC9A4B007A485C /* ThemePicker.swift in Sources */,
				C9D1EE2529BCFAA1007A485C /* ScrumProgressViewStyle.swift in Sources */,
				C9D1EE2929BD0828007A485C /* MeetingFooterView.swift in Sources */,
				C9D1EE2729BD064E007A485C /* ScrumTimer.swift in Sources */,
				C9E2243629BBD61000CC08DA /* DailyScrum.swift in Sources */,
				C9D1EE1B29BC8397007A485C /* DetailView.swift in Sources */,
				C9D1EE2329BCF6B8007A485C /* MeetingHeaderView.swift in Sources */,
				C9D1EE1D29BC8FB9007A485C /* DetailEditView.swift in Sources */,
				C9E2243A29BBDAA700CC08DA /* TrailingIconLabelStyle.swift in Sources */,
				C9E2243429BBD31500CC08DA /* Theme.swift in Sources */,
				C9D1EE1929BC7E49007A485C /* ScrumsView.swift in Sources */,
				C9E2240B29BBC45500CC08DA /* MeetingView.swift in Sources */,
				C9E2240929BBC45500CC08DA /* ScrumdingerApp.swift in Sources */,
				C9D1EE1F29BC98C0007A485C /* ThemeView.swift in Sources */,
				C9E2243829BBD82C00CC08DA /* CardView.swift in Sources */,
				C9D1EE2B29BD0C0A007A485C /* AVPlayer+Ding.swift in Sources */,
			);
			runOnlyForDeploymentPostprocessing = 0;
		};
		C9E2241129BBC45600CC08DA /* Sources */ = {
			isa = PBXSourcesBuildPhase;
			buildActionMask = 2147483647;
			files = (
				C9E2241A29BBC45600CC08DA /* ScrumdingerTests.swift in Sources */,
			);
			runOnlyForDeploymentPostprocessing = 0;
		};
		C9E2241B29BBC45600CC08DA /* Sources */ = {
			isa = PBXSourcesBuildPhase;
			buildActionMask = 2147483647;
			files = (
				C9E2242629BBC45600CC08DA /* ScrumdingerUITestsLaunchTests.swift in Sources */,
				C9E2242429BBC45600CC08DA /* ScrumdingerUITests.swift in Sources */,
			);
			runOnlyForDeploymentPostprocessing = 0;
		};
/* End PBXSourcesBuildPhase section */

/* Begin PBXTargetDependency section */
		C9E2241729BBC45600CC08DA /* PBXTargetDependency */ = {
			isa = PBXTargetDependency;
			target = C9E2240429BBC45500CC08DA /* Scrumdinger */;
			targetProxy = C9E2241629BBC45600CC08DA /* PBXContainerItemProxy */;
		};
		C9E2242129BBC45600CC08DA /* PBXTargetDependency */ = {
			isa = PBXTargetDependency;
			target = C9E2240429BBC45500CC08DA /* Scrumdinger */;
			targetProxy = C9E2242029BBC45600CC08DA /* PBXContainerItemProxy */;
		};
/* End PBXTargetDependency section */

/* Begin XCBuildConfiguration section */
		C9E2242729BBC45600CC08DA /* Debug */ = {
			isa = XCBuildConfiguration;
			buildSettings = {
				ALWAYS_SEARCH_USER_PATHS = NO;
				CLANG_ANALYZER_NONNULL = YES;
				CLANG_ANALYZER_NUMBER_OBJECT_CONVERSION = YES_AGGRESSIVE;
				CLANG_CXX_LANGUAGE_STANDARD = "gnu++20";
				CLANG_ENABLE_MODULES = YES;
				CLANG_ENABLE_OBJC_ARC = YES;
				CLANG_ENABLE_OBJC_WEAK = YES;
				CLANG_WARN_BLOCK_CAPTURE_AUTORELEASING = YES;
				CLANG_WARN_BOOL_CONVERSION = YES;
				CLANG_WARN_COMMA = YES;
				CLANG_WARN_CONSTANT_CONVERSION = YES;
				CLANG_WARN_DEPRECATED_OBJC_IMPLEMENTATIONS = YES;
				CLANG_WARN_DIRECT_OBJC_ISA_USAGE = YES_ERROR;
				CLANG_WARN_DOCUMENTATION_COMMENTS = YES;
				CLANG_WARN_EMPTY_BODY = YES;
				CLANG_WARN_ENUM_CONVERSION = YES;
				CLANG_WARN_INFINITE_RECURSION = YES;
				CLANG_WARN_INT_CONVERSION = YES;
				CLANG_WARN_NON_LITERAL_NULL_CONVERSION = YES;
				CLANG_WARN_OBJC_IMPLICIT_RETAIN_SELF = YES;
				CLANG_WARN_OBJC_LITERAL_CONVERSION = YES;
				CLANG_WARN_OBJC_ROOT_CLASS = YES_ERROR;
				CLANG_WARN_QUOTED_INCLUDE_IN_FRAMEWORK_HEADER = YES;
				CLANG_WARN_RANGE_LOOP_ANALYSIS = YES;
				CLANG_WARN_STRICT_PROTOTYPES = YES;
				CLANG_WARN_SUSPICIOUS_MOVE = YES;
				CLANG_WARN_UNGUARDED_AVAILABILITY = YES_AGGRESSIVE;
				CLANG_WARN_UNREACHABLE_CODE = YES;
				CLANG_WARN__DUPLICATE_METHOD_MATCH = YES;
				COPY_PHASE_STRIP = NO;
				DEBUG_INFORMATION_FORMAT = dwarf;
				ENABLE_STRICT_OBJC_MSGSEND = YES;
				ENABLE_TESTABILITY = YES;
				GCC_C_LANGUAGE_STANDARD = gnu11;
				GCC_DYNAMIC_NO_PIC = NO;
				GCC_NO_COMMON_BLOCKS = YES;
				GCC_OPTIMIZATION_LEVEL = 0;
				GCC_PREPROCESSOR_DEFINITIONS = (
					"DEBUG=1",
					"$(inherited)",
				);
				GCC_WARN_64_TO_32_BIT_CONVERSION = YES;
				GCC_WARN_ABOUT_RETURN_TYPE = YES_ERROR;
				GCC_WARN_UNDECLARED_SELECTOR = YES;
				GCC_WARN_UNINITIALIZED_AUTOS = YES_AGGRESSIVE;
				GCC_WARN_UNUSED_FUNCTION = YES;
				GCC_WARN_UNUSED_VARIABLE = YES;
				IPHONEOS_DEPLOYMENT_TARGET = 16.2;
				MTL_ENABLE_DEBUG_INFO = INCLUDE_SOURCE;
				MTL_FAST_MATH = YES;
				ONLY_ACTIVE_ARCH = YES;
				SDKROOT = iphoneos;
				SWIFT_ACTIVE_COMPILATION_CONDITIONS = DEBUG;
				SWIFT_OPTIMIZATION_LEVEL = "-Onone";
			};
			name = Debug;
		};
		C9E2242829BBC45600CC08DA /* Release */ = {
			isa = XCBuildConfiguration;
			buildSettings = {
				ALWAYS_SEARCH_USER_PATHS = NO;
				CLANG_ANALYZER_NONNULL = YES;
				CLANG_ANALYZER_NUMBER_OBJECT_CONVERSION = YES_AGGRESSIVE;
				CLANG_CXX_LANGUAGE_STANDARD = "gnu++20";
				CLANG_ENABLE_MODULES = YES;
				CLANG_ENABLE_OBJC_ARC = YES;
				CLANG_ENABLE_OBJC_WEAK = YES;
				CLANG_WARN_BLOCK_CAPTURE_AUTORELEASING = YES;
				CLANG_WARN_BOOL_CONVERSION = YES;
				CLANG_WARN_COMMA = YES;
				CLANG_WARN_CONSTANT_CONVERSION = YES;
				CLANG_WARN_DEPRECATED_OBJC_IMPLEMENTATIONS = YES;
				CLANG_WARN_DIRECT_OBJC_ISA_USAGE = YES_ERROR;
				CLANG_WARN_DOCUMENTATION_COMMENTS = YES;
				CLANG_WARN_EMPTY_BODY = YES;
				CLANG_WARN_ENUM_CONVERSION = YES;
				CLANG_WARN_INFINITE_RECURSION = YES;
				CLANG_WARN_INT_CONVERSION = YES;
				CLANG_WARN_NON_LITERAL_NULL_CONVERSION = YES;
				CLANG_WARN_OBJC_IMPLICIT_RETAIN_SELF = YES;
				CLANG_WARN_OBJC_LITERAL_CONVERSION = YES;
				CLANG_WARN_OBJC_ROOT_CLASS = YES_ERROR;
				CLANG_WARN_QUOTED_INCLUDE_IN_FRAMEWORK_HEADER = YES;
				CLANG_WARN_RANGE_LOOP_ANALYSIS = YES;
				CLANG_WARN_STRICT_PROTOTYPES = YES;
				CLANG_WARN_SUSPICIOUS_MOVE = YES;
				CLANG_WARN_UNGUARDED_AVAILABILITY = YES_AGGRESSIVE;
				CLANG_WARN_UNREACHABLE_CODE = YES;
				CLANG_WARN__DUPLICATE_METHOD_MATCH = YES;
				COPY_PHASE_STRIP = NO;
				DEBUG_INFORMATION_FORMAT = "dwarf-with-dsym";
				ENABLE_NS_ASSERTIONS = NO;
				ENABLE_STRICT_OBJC_MSGSEND = YES;
				GCC_C_LANGUAGE_STANDARD = gnu11;
				GCC_NO_COMMON_BLOCKS = YES;
				GCC_WARN_64_TO_32_BIT_CONVERSION = YES;
				GCC_WARN_ABOUT_RETURN_TYPE = YES_ERROR;
				GCC_WARN_UNDECLARED_SELECTOR = YES;
				GCC_WARN_UNINITIALIZED_AUTOS = YES_AGGRESSIVE;
				GCC_WARN_UNUSED_FUNCTION = YES;
				GCC_WARN_UNUSED_VARIABLE = YES;
				IPHONEOS_DEPLOYMENT_TARGET = 16.2;
				MTL_ENABLE_DEBUG_INFO = NO;
				MTL_FAST_MATH = YES;
				SDKROOT = iphoneos;
				SWIFT_COMPILATION_MODE = wholemodule;
				SWIFT_OPTIMIZATION_LEVEL = "-O";
				VALIDATE_PRODUCT = YES;
			};
			name = Release;
		};
		C9E2242A29BBC45600CC08DA /* Debug */ = {
			isa = XCBuildConfiguration;
			buildSettings = {
				ASSETCATALOG_COMPILER_APPICON_NAME = AppIcon;
				ASSETCATALOG_COMPILER_GLOBAL_ACCENT_COLOR_NAME = AccentColor;
				CODE_SIGN_STYLE = Automatic;
				CURRENT_PROJECT_VERSION = 1;
				DEVELOPMENT_ASSET_PATHS = "\"Scrumdinger/Preview Content\"";
				DEVELOPMENT_TEAM = CHJN5FZ52J;
				ENABLE_PREVIEWS = YES;
				GENERATE_INFOPLIST_FILE = YES;
				INFOPLIST_KEY_UIApplicationSceneManifest_Generation = YES;
				INFOPLIST_KEY_UIApplicationSupportsIndirectInputEvents = YES;
				INFOPLIST_KEY_UILaunchScreen_Generation = YES;
				INFOPLIST_KEY_UISupportedInterfaceOrientations_iPad = "UIInterfaceOrientationPortrait UIInterfaceOrientationPortraitUpsideDown UIInterfaceOrientationLandscapeLeft UIInterfaceOrientationLandscapeRight";
				INFOPLIST_KEY_UISupportedInterfaceOrientations_iPhone = "UIInterfaceOrientationPortrait UIInterfaceOrientationLandscapeLeft UIInterfaceOrientationLandscapeRight";
				LD_RUNPATH_SEARCH_PATHS = (
					"$(inherited)",
					"@executable_path/Frameworks",
				);
				MARKETING_VERSION = 1.0;
				PRODUCT_BUNDLE_IDENTIFIER = tinas.Scrumdinger;
				PRODUCT_NAME = "$(TARGET_NAME)";
				SWIFT_EMIT_LOC_STRINGS = YES;
				SWIFT_VERSION = 5.0;
				TARGETED_DEVICE_FAMILY = "1,2";
			};
			name = Debug;
		};
		C9E2242B29BBC45600CC08DA /* Release */ = {
			isa = XCBuildConfiguration;
			buildSettings = {
				ASSETCATALOG_COMPILER_APPICON_NAME = AppIcon;
				ASSETCATALOG_COMPILER_GLOBAL_ACCENT_COLOR_NAME = AccentColor;
				CODE_SIGN_STYLE = Automatic;
				CURRENT_PROJECT_VERSION = 1;
				DEVELOPMENT_ASSET_PATHS = "\"Scrumdinger/Preview Content\"";
				DEVELOPMENT_TEAM = CHJN5FZ52J;
				ENABLE_PREVIEWS = YES;
				GENERATE_INFOPLIST_FILE = YES;
				INFOPLIST_KEY_UIApplicationSceneManifest_Generation = YES;
				INFOPLIST_KEY_UIApplicationSupportsIndirectInputEvents = YES;
				INFOPLIST_KEY_UILaunchScreen_Generation = YES;
				INFOPLIST_KEY_UISupportedInterfaceOrientations_iPad = "UIInterfaceOrientationPortrait UIInterfaceOrientationPortraitUpsideDown UIInterfaceOrientationLandscapeLeft UIInterfaceOrientationLandscapeRight";
				INFOPLIST_KEY_UISupportedInterfaceOrientations_iPhone = "UIInterfaceOrientationPortrait UIInterfaceOrientationLandscapeLeft UIInterfaceOrientationLandscapeRight";
				LD_RUNPATH_SEARCH_PATHS = (
					"$(inherited)",
					"@executable_path/Frameworks",
				);
				MARKETING_VERSION = 1.0;
				PRODUCT_BUNDLE_IDENTIFIER = tinas.Scrumdinger;
				PRODUCT_NAME = "$(TARGET_NAME)";
				SWIFT_EMIT_LOC_STRINGS = YES;
				SWIFT_VERSION = 5.0;
				TARGETED_DEVICE_FAMILY = "1,2";
			};
			name = Release;
		};
		C9E2242D29BBC45600CC08DA /* Debug */ = {
			isa = XCBuildConfiguration;
			buildSettings = {
				ALWAYS_EMBED_SWIFT_STANDARD_LIBRARIES = YES;
				BUNDLE_LOADER = "$(TEST_HOST)";
				CODE_SIGN_STYLE = Automatic;
				CURRENT_PROJECT_VERSION = 1;
				DEVELOPMENT_TEAM = CHJN5FZ52J;
				GENERATE_INFOPLIST_FILE = YES;
				IPHONEOS_DEPLOYMENT_TARGET = 16.2;
				MARKETING_VERSION = 1.0;
				PRODUCT_BUNDLE_IDENTIFIER = tinas.ScrumdingerTests;
				PRODUCT_NAME = "$(TARGET_NAME)";
				SWIFT_EMIT_LOC_STRINGS = NO;
				SWIFT_VERSION = 5.0;
				TARGETED_DEVICE_FAMILY = "1,2";
				TEST_HOST = "$(BUILT_PRODUCTS_DIR)/Scrumdinger.app/$(BUNDLE_EXECUTABLE_FOLDER_PATH)/Scrumdinger";
			};
			name = Debug;
		};
		C9E2242E29BBC45600CC08DA /* Release */ = {
			isa = XCBuildConfiguration;
			buildSettings = {
				ALWAYS_EMBED_SWIFT_STANDARD_LIBRARIES = YES;
				BUNDLE_LOADER = "$(TEST_HOST)";
				CODE_SIGN_STYLE = Automatic;
				CURRENT_PROJECT_VERSION = 1;
				DEVELOPMENT_TEAM = CHJN5FZ52J;
				GENERATE_INFOPLIST_FILE = YES;
				IPHONEOS_DEPLOYMENT_TARGET = 16.2;
				MARKETING_VERSION = 1.0;
				PRODUCT_BUNDLE_IDENTIFIER = tinas.ScrumdingerTests;
				PRODUCT_NAME = "$(TARGET_NAME)";
				SWIFT_EMIT_LOC_STRINGS = NO;
				SWIFT_VERSION = 5.0;
				TARGETED_DEVICE_FAMILY = "1,2";
				TEST_HOST = "$(BUILT_PRODUCTS_DIR)/Scrumdinger.app/$(BUNDLE_EXECUTABLE_FOLDER_PATH)/Scrumdinger";
			};
			name = Release;
		};
		C9E2243029BBC45600CC08DA /* Debug */ = {
			isa = XCBuildConfiguration;
			buildSettings = {
				ALWAYS_EMBED_SWIFT_STANDARD_LIBRARIES = YES;
				CODE_SIGN_STYLE = Automatic;
				CURRENT_PROJECT_VERSION = 1;
				DEVELOPMENT_TEAM = CHJN5FZ52J;
				GENERATE_INFOPLIST_FILE = YES;
				MARKETING_VERSION = 1.0;
				PRODUCT_BUNDLE_IDENTIFIER = tinas.ScrumdingerUITests;
				PRODUCT_NAME = "$(TARGET_NAME)";
				SWIFT_EMIT_LOC_STRINGS = NO;
				SWIFT_VERSION = 5.0;
				TARGETED_DEVICE_FAMILY = "1,2";
				TEST_TARGET_NAME = Scrumdinger;
			};
			name = Debug;
		};
		C9E2243129BBC45600CC08DA /* Release */ = {
			isa = XCBuildConfiguration;
			buildSettings = {
				ALWAYS_EMBED_SWIFT_STANDARD_LIBRARIES = YES;
				CODE_SIGN_STYLE = Automatic;
				CURRENT_PROJECT_VERSION = 1;
				DEVELOPMENT_TEAM = CHJN5FZ52J;
				GENERATE_INFOPLIST_FILE = YES;
				MARKETING_VERSION = 1.0;
				PRODUCT_BUNDLE_IDENTIFIER = tinas.ScrumdingerUITests;
				PRODUCT_NAME = "$(TARGET_NAME)";
				SWIFT_EMIT_LOC_STRINGS = NO;
				SWIFT_VERSION = 5.0;
				TARGETED_DEVICE_FAMILY = "1,2";
				TEST_TARGET_NAME = Scrumdinger;
			};
			name = Release;
		};
/* End XCBuildConfiguration section */

/* Begin XCConfigurationList section */
		C9E2240029BBC45500CC08DA /* Build configuration list for PBXProject "Scrumdinger" */ = {
			isa = XCConfigurationList;
			buildConfigurations = (
				C9E2242729BBC45600CC08DA /* Debug */,
				C9E2242829BBC45600CC08DA /* Release */,
			);
			defaultConfigurationIsVisible = 0;
			defaultConfigurationName = Release;
		};
		C9E2242929BBC45600CC08DA /* Build configuration list for PBXNativeTarget "Scrumdinger" */ = {
			isa = XCConfigurationList;
			buildConfigurations = (
				C9E2242A29BBC45600CC08DA /* Debug */,
				C9E2242B29BBC45600CC08DA /* Release */,
			);
			defaultConfigurationIsVisible = 0;
			defaultConfigurationName = Release;
		};
		C9E2242C29BBC45600CC08DA /* Build configuration list for PBXNativeTarget "ScrumdingerTests" */ = {
			isa = XCConfigurationList;
			buildConfigurations = (
				C9E2242D29BBC45600CC08DA /* Debug */,
				C9E2242E29BBC45600CC08DA /* Release */,
			);
			defaultConfigurationIsVisible = 0;
			defaultConfigurationName = Release;
		};
		C9E2242F29BBC45600CC08DA /* Build configuration list for PBXNativeTarget "ScrumdingerUITests" */ = {
			isa = XCConfigurationList;
			buildConfigurations = (
				C9E2243029BBC45600CC08DA /* Debug */,
				C9E2243129BBC45600CC08DA /* Release */,
			);
			defaultConfigurationIsVisible = 0;
			defaultConfigurationName = Release;
		};
/* End XCConfigurationList section */
	};
	rootObject = C9E223FD29BBC45500CC08DA /* Project object */;
}
